
Microsoft Visual Studio Solution File, Format Version 12.00
# Visual Studio 15
VisualStudioVersion = 15.0.26403.7
MinimumVisualStudioVersion = 10.0.40219.1
Project("{8BC9CEB8-8B4A-11D0-8D11-00A0C91BC942}") = "miTLS_SSP", "miTLS_SSP.vcxproj", "{408553C3-2511-40F8-8D79-C4E3F21F8030}"
EndProject
Global
	GlobalSection(SolutionConfigurationPlatforms) = preSolution
		Debug|x64 = Debug|x64
		Debug|x86 = Debug|x86
		DetoursDebug|x64 = DetoursDebug|x64
		DetoursDebug|x86 = DetoursDebug|x86
		DetoursRelease|x64 = DetoursRelease|x64
		DetoursRelease|x86 = DetoursRelease|x86
		Release|x64 = Release|x64
		Release|x86 = Release|x86
	EndGlobalSection
	GlobalSection(ProjectConfigurationPlatforms) = postSolution
		{408553C3-2511-40F8-8D79-C4E3F21F8030}.Debug|x64.ActiveCfg = Debug|x64
		{408553C3-2511-40F8-8D79-C4E3F21F8030}.Debug|x64.Build.0 = Debug|x64
		{408553C3-2511-40F8-8D79-C4E3F21F8030}.Debug|x86.ActiveCfg = Debug|Win32
		{408553C3-2511-40F8-8D79-C4E3F21F8030}.Debug|x86.Build.0 = Debug|Win32
		{408553C3-2511-40F8-8D79-C4E3F21F8030}.DetoursDebug|x64.ActiveCfg = DetoursDebug|x64
		{408553C3-2511-40F8-8D79-C4E3F21F8030}.DetoursDebug|x64.Build.0 = DetoursDebug|x64
		{408553C3-2511-40F8-8D79-C4E3F21F8030}.DetoursDebug|x86.ActiveCfg = DetoursDebug|Win32
		{408553C3-2511-40F8-8D79-C4E3F21F8030}.DetoursDebug|x86.Build.0 = DetoursDebug|Win32
		{408553C3-2511-40F8-8D79-C4E3F21F8030}.DetoursRelease|x64.ActiveCfg = DetoursRelease|x64
		{408553C3-2511-40F8-8D79-C4E3F21F8030}.DetoursRelease|x64.Build.0 = DetoursRelease|x64
		{408553C3-2511-40F8-8D79-C4E3F21F8030}.DetoursRelease|x86.ActiveCfg = DetoursRelease|Win32
		{408553C3-2511-40F8-8D79-C4E3F21F8030}.DetoursRelease|x86.Build.0 = DetoursRelease|Win32
		{408553C3-2511-40F8-8D79-C4E3F21F8030}.Release|x64.ActiveCfg = Release|x64
		{408553C3-2511-40F8-8D79-C4E3F21F8030}.Release|x64.Build.0 = Release|x64
		{408553C3-2511-40F8-8D79-C4E3F21F8030}.Release|x86.ActiveCfg = Release|Win32
		{408553C3-2511-40F8-8D79-C4E3F21F8030}.Release|x86.Build.0 = Release|Win32
	EndGlobalSection
	GlobalSection(SolutionProperties) = preSolution
		HideSolutionNode = FALSE
	EndGlobalSection
EndGlobal
