
Microsoft Visual Studio Solution File, Format Version 12.00
# Visual Studio 2013
VisualStudioVersion = 12.0.31101.0
MinimumVisualStudioVersion = 10.0.40219.1
Project("{F2A71F9B-5D33-465A-A702-920D77279786}") = "tls", "..\src\tls-fs\tls.fsproj", "{7283C0EF-3C40-495D-9969-79CB71B3AACC}"
EndProject
Project("{F2A71F9B-5D33-465A-A702-920D77279786}") = "TLSharp", "..\apps\TLSharp\TLSharp.fsproj", "{BDBA21EB-CB44-435B-BF9A-C9393AD2A613}"
EndProject
Project("{F2A71F9B-5D33-465A-A702-920D77279786}") = "HttpServer", "..\apps\HttpServer\HttpServer.fsproj", "{A5EFB536-6469-42DA-BBA7-416A65A02F9C}"
EndProject
Project("{F2A71F9B-5D33-465A-A702-920D77279786}") = "echo", "..\apps\echo\echo.fsproj", "{4937472B-5D63-4C48-B951-DD896CDDAF97}"
EndProject
Project("{F2A71F9B-5D33-465A-A702-920D77279786}") = "CoreCrypto", "..\libs\fs\CoreCrypto\CoreCrypto.fsproj", "{6D4E3F46-DBF9-473B-93BA-58614114AA57}"
EndProject
Project("{F2A71F9B-5D33-465A-A702-920D77279786}") = "pwapp", "..\apps\pwapp\pwapp.fsproj", "{8753264A-ACA0-4A11-A46F-CB04F86D7DF8}"
EndProject
Project("{F2A71F9B-5D33-465A-A702-920D77279786}") = "DB", "..\libs\fs\DB\DB.fsproj", "{CAD78B05-0ADC-433B-954B-1F31FC6477F6}"
EndProject
Project("{FAE04EC0-301F-11D3-BF4B-00C04F79EFBC}") = "OpenSSL", "..\libs\fs\OpenSSL\OpenSSL.csproj", "{DB787D27-C33E-4D14-BF2C-B92CBDBF0C54}"
EndProject
Project("{F2A71F9B-5D33-465A-A702-920D77279786}") = "Platform", "..\libs\fs\Platform\Platform.fsproj", "{408E6F53-363A-4C58-9808-84A0B526324B}"
EndProject
Project("{F2A71F9B-5D33-465A-A702-920D77279786}") = "mihttp", "..\apps\mihttp\mihttp.fsproj", "{F5B505A7-EA88-45CC-A001-46D67077F382}"
	ProjectSection(ProjectDependencies) = postProject
		{6D4E3F46-DBF9-473B-93BA-58614114AA57} = {6D4E3F46-DBF9-473B-93BA-58614114AA57}
		{408E6F53-363A-4C58-9808-84A0B526324B} = {408E6F53-363A-4C58-9808-84A0B526324B}
		{7283C0EF-3C40-495D-9969-79CB71B3AACC} = {7283C0EF-3C40-495D-9969-79CB71B3AACC}
	EndProjectSection
EndProject
Project("{F2A71F9B-5D33-465A-A702-920D77279786}") = "DHDBManager", "..\libs\fs\DHDBManager\DHDBManager.fsproj", "{2DA9CE8A-C82F-4CF2-8329-79B8A3F19F1F}"
EndProject
Global
	GlobalSection(SolutionConfigurationPlatforms) = preSolution
		Debug|Any CPU = Debug|Any CPU
		Debug|Mixed Platforms = Debug|Mixed Platforms
		Debug|Win32 = Debug|Win32
		Debug|x64 = Debug|x64
		Debug|x86 = Debug|x86
		Ideal|Any CPU = Ideal|Any CPU
		Ideal|Mixed Platforms = Ideal|Mixed Platforms
		Ideal|Win32 = Ideal|Win32
		Ideal|x64 = Ideal|x64
		Ideal|x86 = Ideal|x86
		Release|Any CPU = Release|Any CPU
		Release|Mixed Platforms = Release|Mixed Platforms
		Release|Win32 = Release|Win32
		Release|x64 = Release|x64
		Release|x86 = Release|x86
	EndGlobalSection
	GlobalSection(ProjectConfigurationPlatforms) = postSolution
		{7283C0EF-3C40-495D-9969-79CB71B3AACC}.Debug|Any CPU.ActiveCfg = Debug|Any CPU
		{7283C0EF-3C40-495D-9969-79CB71B3AACC}.Debug|Any CPU.Build.0 = Debug|Any CPU
		{7283C0EF-3C40-495D-9969-79CB71B3AACC}.Debug|Mixed Platforms.ActiveCfg = Debug|Any CPU
		{7283C0EF-3C40-495D-9969-79CB71B3AACC}.Debug|Mixed Platforms.Build.0 = Debug|Any CPU
		{7283C0EF-3C40-495D-9969-79CB71B3AACC}.Debug|Win32.ActiveCfg = Debug|Any CPU
		{7283C0EF-3C40-495D-9969-79CB71B3AACC}.Debug|x64.ActiveCfg = Debug|Any CPU
		{7283C0EF-3C40-495D-9969-79CB71B3AACC}.Debug|x86.ActiveCfg = Debug|Any CPU
		{7283C0EF-3C40-495D-9969-79CB71B3AACC}.Ideal|Any CPU.ActiveCfg = Ideal|Any CPU
		{7283C0EF-3C40-495D-9969-79CB71B3AACC}.Ideal|Any CPU.Build.0 = Ideal|Any CPU
		{7283C0EF-3C40-495D-9969-79CB71B3AACC}.Ideal|Mixed Platforms.ActiveCfg = Ideal|Any CPU
		{7283C0EF-3C40-495D-9969-79CB71B3AACC}.Ideal|Mixed Platforms.Build.0 = Ideal|Any CPU
		{7283C0EF-3C40-495D-9969-79CB71B3AACC}.Ideal|Win32.ActiveCfg = Release|Any CPU
		{7283C0EF-3C40-495D-9969-79CB71B3AACC}.Ideal|x64.ActiveCfg = Release|Any CPU
		{7283C0EF-3C40-495D-9969-79CB71B3AACC}.Ideal|x86.ActiveCfg = Release|Any CPU
		{7283C0EF-3C40-495D-9969-79CB71B3AACC}.Release|Any CPU.ActiveCfg = Release|Any CPU
		{7283C0EF-3C40-495D-9969-79CB71B3AACC}.Release|Any CPU.Build.0 = Release|Any CPU
		{7283C0EF-3C40-495D-9969-79CB71B3AACC}.Release|Mixed Platforms.ActiveCfg = Release|Any CPU
		{7283C0EF-3C40-495D-9969-79CB71B3AACC}.Release|Mixed Platforms.Build.0 = Release|Any CPU
		{7283C0EF-3C40-495D-9969-79CB71B3AACC}.Release|Win32.ActiveCfg = Release|Any CPU
		{7283C0EF-3C40-495D-9969-79CB71B3AACC}.Release|x64.ActiveCfg = Release|Any CPU
		{7283C0EF-3C40-495D-9969-79CB71B3AACC}.Release|x86.ActiveCfg = Release|Any CPU
		{BDBA21EB-CB44-435B-BF9A-C9393AD2A613}.Debug|Any CPU.ActiveCfg = Debug|Any CPU
		{BDBA21EB-CB44-435B-BF9A-C9393AD2A613}.Debug|Any CPU.Build.0 = Debug|Any CPU
		{BDBA21EB-CB44-435B-BF9A-C9393AD2A613}.Debug|Mixed Platforms.ActiveCfg = Debug|Any CPU
		{BDBA21EB-CB44-435B-BF9A-C9393AD2A613}.Debug|Mixed Platforms.Build.0 = Debug|Any CPU
		{BDBA21EB-CB44-435B-BF9A-C9393AD2A613}.Debug|Win32.ActiveCfg = Debug|Any CPU
		{BDBA21EB-CB44-435B-BF9A-C9393AD2A613}.Debug|x64.ActiveCfg = Debug|Any CPU
		{BDBA21EB-CB44-435B-BF9A-C9393AD2A613}.Debug|x86.ActiveCfg = Debug|Any CPU
		{BDBA21EB-CB44-435B-BF9A-C9393AD2A613}.Ideal|Any CPU.ActiveCfg = Debug|Any CPU
		{BDBA21EB-CB44-435B-BF9A-C9393AD2A613}.Ideal|Any CPU.Build.0 = Debug|Any CPU
		{BDBA21EB-CB44-435B-BF9A-C9393AD2A613}.Ideal|Mixed Platforms.ActiveCfg = Release|Any CPU
		{BDBA21EB-CB44-435B-BF9A-C9393AD2A613}.Ideal|Mixed Platforms.Build.0 = Release|Any CPU
		{BDBA21EB-CB44-435B-BF9A-C9393AD2A613}.Ideal|Win32.ActiveCfg = Release|Any CPU
		{BDBA21EB-CB44-435B-BF9A-C9393AD2A613}.Ideal|x64.ActiveCfg = Release|Any CPU
		{BDBA21EB-CB44-435B-BF9A-C9393AD2A613}.Ideal|x86.ActiveCfg = Release|Any CPU
		{BDBA21EB-CB44-435B-BF9A-C9393AD2A613}.Release|Any CPU.ActiveCfg = Release|Any CPU
		{BDBA21EB-CB44-435B-BF9A-C9393AD2A613}.Release|Any CPU.Build.0 = Release|Any CPU
		{BDBA21EB-CB44-435B-BF9A-C9393AD2A613}.Release|Mixed Platforms.ActiveCfg = Release|Any CPU
		{BDBA21EB-CB44-435B-BF9A-C9393AD2A613}.Release|Mixed Platforms.Build.0 = Release|Any CPU
		{BDBA21EB-CB44-435B-BF9A-C9393AD2A613}.Release|Win32.ActiveCfg = Release|Any CPU
		{BDBA21EB-CB44-435B-BF9A-C9393AD2A613}.Release|x64.ActiveCfg = Release|Any CPU
		{BDBA21EB-CB44-435B-BF9A-C9393AD2A613}.Release|x86.ActiveCfg = Release|Any CPU
		{A5EFB536-6469-42DA-BBA7-416A65A02F9C}.Debug|Any CPU.ActiveCfg = Debug|x86
		{A5EFB536-6469-42DA-BBA7-416A65A02F9C}.Debug|Any CPU.Build.0 = Debug|x86
		{A5EFB536-6469-42DA-BBA7-416A65A02F9C}.Debug|Mixed Platforms.ActiveCfg = Debug|x86
		{A5EFB536-6469-42DA-BBA7-416A65A02F9C}.Debug|Mixed Platforms.Build.0 = Debug|x86
		{A5EFB536-6469-42DA-BBA7-416A65A02F9C}.Debug|Win32.ActiveCfg = Debug|x86
		{A5EFB536-6469-42DA-BBA7-416A65A02F9C}.Debug|x64.ActiveCfg = Debug|x86
		{A5EFB536-6469-42DA-BBA7-416A65A02F9C}.Debug|x86.ActiveCfg = Debug|x86
		{A5EFB536-6469-42DA-BBA7-416A65A02F9C}.Debug|x86.Build.0 = Debug|x86
		{A5EFB536-6469-42DA-BBA7-416A65A02F9C}.Ideal|Any CPU.ActiveCfg = Debug|x86
		{A5EFB536-6469-42DA-BBA7-416A65A02F9C}.Ideal|Any CPU.Build.0 = Debug|x86
		{A5EFB536-6469-42DA-BBA7-416A65A02F9C}.Ideal|Mixed Platforms.ActiveCfg = Release|x86
		{A5EFB536-6469-42DA-BBA7-416A65A02F9C}.Ideal|Mixed Platforms.Build.0 = Release|x86
		{A5EFB536-6469-42DA-BBA7-416A65A02F9C}.Ideal|Win32.ActiveCfg = Release|x86
		{A5EFB536-6469-42DA-BBA7-416A65A02F9C}.Ideal|x64.ActiveCfg = Release|x86
		{A5EFB536-6469-42DA-BBA7-416A65A02F9C}.Ideal|x86.ActiveCfg = Release|x86
		{A5EFB536-6469-42DA-BBA7-416A65A02F9C}.Ideal|x86.Build.0 = Release|x86
		{A5EFB536-6469-42DA-BBA7-416A65A02F9C}.Release|Any CPU.ActiveCfg = Release|x86
		{A5EFB536-6469-42DA-BBA7-416A65A02F9C}.Release|Any CPU.Build.0 = Release|x86
		{A5EFB536-6469-42DA-BBA7-416A65A02F9C}.Release|Mixed Platforms.ActiveCfg = Release|x86
		{A5EFB536-6469-42DA-BBA7-416A65A02F9C}.Release|Mixed Platforms.Build.0 = Release|x86
		{A5EFB536-6469-42DA-BBA7-416A65A02F9C}.Release|Win32.ActiveCfg = Release|x86
		{A5EFB536-6469-42DA-BBA7-416A65A02F9C}.Release|x64.ActiveCfg = Release|x86
		{A5EFB536-6469-42DA-BBA7-416A65A02F9C}.Release|x86.ActiveCfg = Release|x86
		{A5EFB536-6469-42DA-BBA7-416A65A02F9C}.Release|x86.Build.0 = Release|x86
		{4937472B-5D63-4C48-B951-DD896CDDAF97}.Debug|Any CPU.ActiveCfg = Debug|x86
		{4937472B-5D63-4C48-B951-DD896CDDAF97}.Debug|Any CPU.Build.0 = Debug|x86
		{4937472B-5D63-4C48-B951-DD896CDDAF97}.Debug|Mixed Platforms.ActiveCfg = Debug|x86
		{4937472B-5D63-4C48-B951-DD896CDDAF97}.Debug|Mixed Platforms.Build.0 = Debug|x86
		{4937472B-5D63-4C48-B951-DD896CDDAF97}.Debug|Win32.ActiveCfg = Debug|x86
		{4937472B-5D63-4C48-B951-DD896CDDAF97}.Debug|x64.ActiveCfg = Debug|x86
		{4937472B-5D63-4C48-B951-DD896CDDAF97}.Debug|x86.ActiveCfg = Debug|x86
		{4937472B-5D63-4C48-B951-DD896CDDAF97}.Debug|x86.Build.0 = Debug|x86
		{4937472B-5D63-4C48-B951-DD896CDDAF97}.Ideal|Any CPU.ActiveCfg = Debug|x86
		{4937472B-5D63-4C48-B951-DD896CDDAF97}.Ideal|Any CPU.Build.0 = Debug|x86
		{4937472B-5D63-4C48-B951-DD896CDDAF97}.Ideal|Mixed Platforms.ActiveCfg = Release|x86
		{4937472B-5D63-4C48-B951-DD896CDDAF97}.Ideal|Mixed Platforms.Build.0 = Release|x86
		{4937472B-5D63-4C48-B951-DD896CDDAF97}.Ideal|Win32.ActiveCfg = Release|x86
		{4937472B-5D63-4C48-B951-DD896CDDAF97}.Ideal|x64.ActiveCfg = Release|x86
		{4937472B-5D63-4C48-B951-DD896CDDAF97}.Ideal|x86.ActiveCfg = Release|x86
		{4937472B-5D63-4C48-B951-DD896CDDAF97}.Ideal|x86.Build.0 = Release|x86
		{4937472B-5D63-4C48-B951-DD896CDDAF97}.Release|Any CPU.ActiveCfg = Release|x86
		{4937472B-5D63-4C48-B951-DD896CDDAF97}.Release|Any CPU.Build.0 = Release|x86
		{4937472B-5D63-4C48-B951-DD896CDDAF97}.Release|Mixed Platforms.ActiveCfg = Release|x86
		{4937472B-5D63-4C48-B951-DD896CDDAF97}.Release|Mixed Platforms.Build.0 = Release|x86
		{4937472B-5D63-4C48-B951-DD896CDDAF97}.Release|Win32.ActiveCfg = Release|x86
		{4937472B-5D63-4C48-B951-DD896CDDAF97}.Release|x64.ActiveCfg = Release|x86
		{4937472B-5D63-4C48-B951-DD896CDDAF97}.Release|x86.ActiveCfg = Release|x86
		{4937472B-5D63-4C48-B951-DD896CDDAF97}.Release|x86.Build.0 = Release|x86
		{6D4E3F46-DBF9-473B-93BA-58614114AA57}.Debug|Any CPU.ActiveCfg = Debug|Any CPU
		{6D4E3F46-DBF9-473B-93BA-58614114AA57}.Debug|Any CPU.Build.0 = Debug|Any CPU
		{6D4E3F46-DBF9-473B-93BA-58614114AA57}.Debug|Mixed Platforms.ActiveCfg = Debug|Any CPU
		{6D4E3F46-DBF9-473B-93BA-58614114AA57}.Debug|Mixed Platforms.Build.0 = Debug|Any CPU
		{6D4E3F46-DBF9-473B-93BA-58614114AA57}.Debug|Win32.ActiveCfg = Debug|Any CPU
		{6D4E3F46-DBF9-473B-93BA-58614114AA57}.Debug|x64.ActiveCfg = Debug|Any CPU
		{6D4E3F46-DBF9-473B-93BA-58614114AA57}.Debug|x86.ActiveCfg = Debug|Any CPU
		{6D4E3F46-DBF9-473B-93BA-58614114AA57}.Ideal|Any CPU.ActiveCfg = Debug|Any CPU
		{6D4E3F46-DBF9-473B-93BA-58614114AA57}.Ideal|Any CPU.Build.0 = Debug|Any CPU
		{6D4E3F46-DBF9-473B-93BA-58614114AA57}.Ideal|Mixed Platforms.ActiveCfg = Release|Any CPU
		{6D4E3F46-DBF9-473B-93BA-58614114AA57}.Ideal|Mixed Platforms.Build.0 = Release|Any CPU
		{6D4E3F46-DBF9-473B-93BA-58614114AA57}.Ideal|Win32.ActiveCfg = Release|Any CPU
		{6D4E3F46-DBF9-473B-93BA-58614114AA57}.Ideal|x64.ActiveCfg = Release|Any CPU
		{6D4E3F46-DBF9-473B-93BA-58614114AA57}.Ideal|x86.ActiveCfg = Release|Any CPU
		{6D4E3F46-DBF9-473B-93BA-58614114AA57}.Release|Any CPU.ActiveCfg = Release|Any CPU
		{6D4E3F46-DBF9-473B-93BA-58614114AA57}.Release|Any CPU.Build.0 = Release|Any CPU
		{6D4E3F46-DBF9-473B-93BA-58614114AA57}.Release|Mixed Platforms.ActiveCfg = Release|Any CPU
		{6D4E3F46-DBF9-473B-93BA-58614114AA57}.Release|Mixed Platforms.Build.0 = Release|Any CPU
		{6D4E3F46-DBF9-473B-93BA-58614114AA57}.Release|Win32.ActiveCfg = Release|Any CPU
		{6D4E3F46-DBF9-473B-93BA-58614114AA57}.Release|x64.ActiveCfg = Release|Any CPU
		{6D4E3F46-DBF9-473B-93BA-58614114AA57}.Release|x86.ActiveCfg = Release|Any CPU
		{8753264A-ACA0-4A11-A46F-CB04F86D7DF8}.Debug|Any CPU.ActiveCfg = Debug|x86
		{8753264A-ACA0-4A11-A46F-CB04F86D7DF8}.Debug|Any CPU.Build.0 = Debug|x86
		{8753264A-ACA0-4A11-A46F-CB04F86D7DF8}.Debug|Mixed Platforms.ActiveCfg = Debug|x86
		{8753264A-ACA0-4A11-A46F-CB04F86D7DF8}.Debug|Mixed Platforms.Build.0 = Debug|x86
		{8753264A-ACA0-4A11-A46F-CB04F86D7DF8}.Debug|Win32.ActiveCfg = Debug|x86
		{8753264A-ACA0-4A11-A46F-CB04F86D7DF8}.Debug|x64.ActiveCfg = Debug|x86
		{8753264A-ACA0-4A11-A46F-CB04F86D7DF8}.Debug|x86.ActiveCfg = Debug|x86
		{8753264A-ACA0-4A11-A46F-CB04F86D7DF8}.Debug|x86.Build.0 = Debug|x86
		{8753264A-ACA0-4A11-A46F-CB04F86D7DF8}.Ideal|Any CPU.ActiveCfg = Debug|x86
		{8753264A-ACA0-4A11-A46F-CB04F86D7DF8}.Ideal|Any CPU.Build.0 = Debug|x86
		{8753264A-ACA0-4A11-A46F-CB04F86D7DF8}.Ideal|Mixed Platforms.ActiveCfg = Release|x86
		{8753264A-ACA0-4A11-A46F-CB04F86D7DF8}.Ideal|Mixed Platforms.Build.0 = Release|x86
		{8753264A-ACA0-4A11-A46F-CB04F86D7DF8}.Ideal|Win32.ActiveCfg = Release|x86
		{8753264A-ACA0-4A11-A46F-CB04F86D7DF8}.Ideal|x64.ActiveCfg = Release|x86
		{8753264A-ACA0-4A11-A46F-CB04F86D7DF8}.Ideal|x86.ActiveCfg = Release|x86
		{8753264A-ACA0-4A11-A46F-CB04F86D7DF8}.Ideal|x86.Build.0 = Release|x86
		{8753264A-ACA0-4A11-A46F-CB04F86D7DF8}.Release|Any CPU.ActiveCfg = Release|x86
		{8753264A-ACA0-4A11-A46F-CB04F86D7DF8}.Release|Any CPU.Build.0 = Release|x86
		{8753264A-ACA0-4A11-A46F-CB04F86D7DF8}.Release|Mixed Platforms.ActiveCfg = Release|x86
		{8753264A-ACA0-4A11-A46F-CB04F86D7DF8}.Release|Mixed Platforms.Build.0 = Release|x86
		{8753264A-ACA0-4A11-A46F-CB04F86D7DF8}.Release|Win32.ActiveCfg = Release|x86
		{8753264A-ACA0-4A11-A46F-CB04F86D7DF8}.Release|x64.ActiveCfg = Release|x86
		{8753264A-ACA0-4A11-A46F-CB04F86D7DF8}.Release|x86.ActiveCfg = Release|x86
		{8753264A-ACA0-4A11-A46F-CB04F86D7DF8}.Release|x86.Build.0 = Release|x86
		{CAD78B05-0ADC-433B-954B-1F31FC6477F6}.Debug|Any CPU.ActiveCfg = Debug|Any CPU
		{CAD78B05-0ADC-433B-954B-1F31FC6477F6}.Debug|Any CPU.Build.0 = Debug|Any CPU
		{CAD78B05-0ADC-433B-954B-1F31FC6477F6}.Debug|Mixed Platforms.ActiveCfg = Debug|Any CPU
		{CAD78B05-0ADC-433B-954B-1F31FC6477F6}.Debug|Mixed Platforms.Build.0 = Debug|Any CPU
		{CAD78B05-0ADC-433B-954B-1F31FC6477F6}.Debug|Win32.ActiveCfg = Debug|Any CPU
		{CAD78B05-0ADC-433B-954B-1F31FC6477F6}.Debug|x64.ActiveCfg = Debug|Any CPU
		{CAD78B05-0ADC-433B-954B-1F31FC6477F6}.Debug|x86.ActiveCfg = Debug|Any CPU
		{CAD78B05-0ADC-433B-954B-1F31FC6477F6}.Ideal|Any CPU.ActiveCfg = Debug|Any CPU
		{CAD78B05-0ADC-433B-954B-1F31FC6477F6}.Ideal|Any CPU.Build.0 = Debug|Any CPU
		{CAD78B05-0ADC-433B-954B-1F31FC6477F6}.Ideal|Mixed Platforms.ActiveCfg = Release|Any CPU
		{CAD78B05-0ADC-433B-954B-1F31FC6477F6}.Ideal|Mixed Platforms.Build.0 = Release|Any CPU
		{CAD78B05-0ADC-433B-954B-1F31FC6477F6}.Ideal|Win32.ActiveCfg = Release|Any CPU
		{CAD78B05-0ADC-433B-954B-1F31FC6477F6}.Ideal|x64.ActiveCfg = Release|Any CPU
		{CAD78B05-0ADC-433B-954B-1F31FC6477F6}.Ideal|x86.ActiveCfg = Release|Any CPU
		{CAD78B05-0ADC-433B-954B-1F31FC6477F6}.Release|Any CPU.ActiveCfg = Release|Any CPU
		{CAD78B05-0ADC-433B-954B-1F31FC6477F6}.Release|Any CPU.Build.0 = Release|Any CPU
		{CAD78B05-0ADC-433B-954B-1F31FC6477F6}.Release|Mixed Platforms.ActiveCfg = Release|Any CPU
		{CAD78B05-0ADC-433B-954B-1F31FC6477F6}.Release|Mixed Platforms.Build.0 = Release|Any CPU
		{CAD78B05-0ADC-433B-954B-1F31FC6477F6}.Release|Win32.ActiveCfg = Release|Any CPU
		{CAD78B05-0ADC-433B-954B-1F31FC6477F6}.Release|x64.ActiveCfg = Release|Any CPU
		{CAD78B05-0ADC-433B-954B-1F31FC6477F6}.Release|x86.ActiveCfg = Release|Any CPU
		{DB787D27-C33E-4D14-BF2C-B92CBDBF0C54}.Debug|Any CPU.ActiveCfg = Debug|Any CPU
		{DB787D27-C33E-4D14-BF2C-B92CBDBF0C54}.Debug|Any CPU.Build.0 = Debug|Any CPU
		{DB787D27-C33E-4D14-BF2C-B92CBDBF0C54}.Debug|Mixed Platforms.ActiveCfg = Debug|Any CPU
		{DB787D27-C33E-4D14-BF2C-B92CBDBF0C54}.Debug|Mixed Platforms.Build.0 = Debug|Any CPU
		{DB787D27-C33E-4D14-BF2C-B92CBDBF0C54}.Debug|Win32.ActiveCfg = Debug|Any CPU
		{DB787D27-C33E-4D14-BF2C-B92CBDBF0C54}.Debug|x64.ActiveCfg = Debug|Any CPU
		{DB787D27-C33E-4D14-BF2C-B92CBDBF0C54}.Debug|x86.ActiveCfg = Debug|Any CPU
		{DB787D27-C33E-4D14-BF2C-B92CBDBF0C54}.Ideal|Any CPU.ActiveCfg = Debug|Any CPU
		{DB787D27-C33E-4D14-BF2C-B92CBDBF0C54}.Ideal|Any CPU.Build.0 = Debug|Any CPU
		{DB787D27-C33E-4D14-BF2C-B92CBDBF0C54}.Ideal|Mixed Platforms.ActiveCfg = Release|Any CPU
		{DB787D27-C33E-4D14-BF2C-B92CBDBF0C54}.Ideal|Mixed Platforms.Build.0 = Release|Any CPU
		{DB787D27-C33E-4D14-BF2C-B92CBDBF0C54}.Ideal|Win32.ActiveCfg = Release|Any CPU
		{DB787D27-C33E-4D14-BF2C-B92CBDBF0C54}.Ideal|x64.ActiveCfg = Release|Any CPU
		{DB787D27-C33E-4D14-BF2C-B92CBDBF0C54}.Ideal|x86.ActiveCfg = Release|Any CPU
		{DB787D27-C33E-4D14-BF2C-B92CBDBF0C54}.Release|Any CPU.ActiveCfg = Release|Any CPU
		{DB787D27-C33E-4D14-BF2C-B92CBDBF0C54}.Release|Any CPU.Build.0 = Release|Any CPU
		{DB787D27-C33E-4D14-BF2C-B92CBDBF0C54}.Release|Mixed Platforms.ActiveCfg = Release|Any CPU
		{DB787D27-C33E-4D14-BF2C-B92CBDBF0C54}.Release|Mixed Platforms.Build.0 = Release|Any CPU
		{DB787D27-C33E-4D14-BF2C-B92CBDBF0C54}.Release|Win32.ActiveCfg = Release|Any CPU
		{DB787D27-C33E-4D14-BF2C-B92CBDBF0C54}.Release|x64.ActiveCfg = Release|Any CPU
		{DB787D27-C33E-4D14-BF2C-B92CBDBF0C54}.Release|x86.ActiveCfg = Release|Any CPU
		{408E6F53-363A-4C58-9808-84A0B526324B}.Debug|Any CPU.ActiveCfg = Debug|Any CPU
		{408E6F53-363A-4C58-9808-84A0B526324B}.Debug|Any CPU.Build.0 = Debug|Any CPU
		{408E6F53-363A-4C58-9808-84A0B526324B}.Debug|Mixed Platforms.ActiveCfg = Debug|Any CPU
		{408E6F53-363A-4C58-9808-84A0B526324B}.Debug|Mixed Platforms.Build.0 = Debug|Any CPU
		{408E6F53-363A-4C58-9808-84A0B526324B}.Debug|Win32.ActiveCfg = Debug|Any CPU
		{408E6F53-363A-4C58-9808-84A0B526324B}.Debug|x64.ActiveCfg = Debug|Any CPU
		{408E6F53-363A-4C58-9808-84A0B526324B}.Debug|x86.ActiveCfg = Release|Any CPU
		{408E6F53-363A-4C58-9808-84A0B526324B}.Ideal|Any CPU.ActiveCfg = Debug|Any CPU
		{408E6F53-363A-4C58-9808-84A0B526324B}.Ideal|Any CPU.Build.0 = Debug|Any CPU
		{408E6F53-363A-4C58-9808-84A0B526324B}.Ideal|Mixed Platforms.ActiveCfg = Release|Any CPU
		{408E6F53-363A-4C58-9808-84A0B526324B}.Ideal|Mixed Platforms.Build.0 = Release|Any CPU
		{408E6F53-363A-4C58-9808-84A0B526324B}.Ideal|Win32.ActiveCfg = Release|Any CPU
		{408E6F53-363A-4C58-9808-84A0B526324B}.Ideal|x64.ActiveCfg = Release|Any CPU
		{408E6F53-363A-4C58-9808-84A0B526324B}.Ideal|x86.ActiveCfg = Release|Any CPU
		{408E6F53-363A-4C58-9808-84A0B526324B}.Release|Any CPU.ActiveCfg = Release|Any CPU
		{408E6F53-363A-4C58-9808-84A0B526324B}.Release|Any CPU.Build.0 = Release|Any CPU
		{408E6F53-363A-4C58-9808-84A0B526324B}.Release|Mixed Platforms.ActiveCfg = Release|Any CPU
		{408E6F53-363A-4C58-9808-84A0B526324B}.Release|Mixed Platforms.Build.0 = Release|Any CPU
		{408E6F53-363A-4C58-9808-84A0B526324B}.Release|Win32.ActiveCfg = Release|Any CPU
		{408E6F53-363A-4C58-9808-84A0B526324B}.Release|x64.ActiveCfg = Release|Any CPU
		{408E6F53-363A-4C58-9808-84A0B526324B}.Release|x86.ActiveCfg = Release|Any CPU
		{F5B505A7-EA88-45CC-A001-46D67077F382}.Debug|Any CPU.ActiveCfg = Debug|x86
		{F5B505A7-EA88-45CC-A001-46D67077F382}.Debug|Any CPU.Build.0 = Debug|x86
		{F5B505A7-EA88-45CC-A001-46D67077F382}.Debug|Mixed Platforms.ActiveCfg = Debug|x86
		{F5B505A7-EA88-45CC-A001-46D67077F382}.Debug|Mixed Platforms.Build.0 = Debug|x86
		{F5B505A7-EA88-45CC-A001-46D67077F382}.Debug|Win32.ActiveCfg = Debug|x86
		{F5B505A7-EA88-45CC-A001-46D67077F382}.Debug|x64.ActiveCfg = Debug|x86
		{F5B505A7-EA88-45CC-A001-46D67077F382}.Debug|x86.ActiveCfg = Debug|x86
		{F5B505A7-EA88-45CC-A001-46D67077F382}.Debug|x86.Build.0 = Debug|x86
		{F5B505A7-EA88-45CC-A001-46D67077F382}.Ideal|Any CPU.ActiveCfg = Debug|x86
		{F5B505A7-EA88-45CC-A001-46D67077F382}.Ideal|Any CPU.Build.0 = Debug|x86
		{F5B505A7-EA88-45CC-A001-46D67077F382}.Ideal|Mixed Platforms.ActiveCfg = Release|x86
		{F5B505A7-EA88-45CC-A001-46D67077F382}.Ideal|Mixed Platforms.Build.0 = Release|x86
		{F5B505A7-EA88-45CC-A001-46D67077F382}.Ideal|Win32.ActiveCfg = Release|x86
		{F5B505A7-EA88-45CC-A001-46D67077F382}.Ideal|x64.ActiveCfg = Release|x86
		{F5B505A7-EA88-45CC-A001-46D67077F382}.Ideal|x86.ActiveCfg = Release|x86
		{F5B505A7-EA88-45CC-A001-46D67077F382}.Ideal|x86.Build.0 = Release|x86
		{F5B505A7-EA88-45CC-A001-46D67077F382}.Release|Any CPU.ActiveCfg = Release|x86
		{F5B505A7-EA88-45CC-A001-46D67077F382}.Release|Any CPU.Build.0 = Release|x86
		{F5B505A7-EA88-45CC-A001-46D67077F382}.Release|Mixed Platforms.ActiveCfg = Release|x86
		{F5B505A7-EA88-45CC-A001-46D67077F382}.Release|Mixed Platforms.Build.0 = Release|x86
		{F5B505A7-EA88-45CC-A001-46D67077F382}.Release|Win32.ActiveCfg = Release|x86
		{F5B505A7-EA88-45CC-A001-46D67077F382}.Release|x64.ActiveCfg = Release|x86
		{F5B505A7-EA88-45CC-A001-46D67077F382}.Release|x86.ActiveCfg = Release|x86
		{F5B505A7-EA88-45CC-A001-46D67077F382}.Release|x86.Build.0 = Release|x86
		{2DA9CE8A-C82F-4CF2-8329-79B8A3F19F1F}.Debug|Any CPU.ActiveCfg = Debug|x86
		{2DA9CE8A-C82F-4CF2-8329-79B8A3F19F1F}.Debug|Mixed Platforms.ActiveCfg = Debug|x86
		{2DA9CE8A-C82F-4CF2-8329-79B8A3F19F1F}.Debug|Mixed Platforms.Build.0 = Debug|x86
		{2DA9CE8A-C82F-4CF2-8329-79B8A3F19F1F}.Debug|Win32.ActiveCfg = Debug|x86
		{2DA9CE8A-C82F-4CF2-8329-79B8A3F19F1F}.Debug|Win32.Build.0 = Debug|x86
		{2DA9CE8A-C82F-4CF2-8329-79B8A3F19F1F}.Debug|x64.ActiveCfg = Debug|x86
		{2DA9CE8A-C82F-4CF2-8329-79B8A3F19F1F}.Debug|x86.ActiveCfg = Debug|x86
		{2DA9CE8A-C82F-4CF2-8329-79B8A3F19F1F}.Debug|x86.Build.0 = Debug|x86
		{2DA9CE8A-C82F-4CF2-8329-79B8A3F19F1F}.Ideal|Any CPU.ActiveCfg = Release|x86
		{2DA9CE8A-C82F-4CF2-8329-79B8A3F19F1F}.Ideal|Mixed Platforms.ActiveCfg = Release|x86
		{2DA9CE8A-C82F-4CF2-8329-79B8A3F19F1F}.Ideal|Mixed Platforms.Build.0 = Release|x86
		{2DA9CE8A-C82F-4CF2-8329-79B8A3F19F1F}.Ideal|Win32.ActiveCfg = Release|x86
		{2DA9CE8A-C82F-4CF2-8329-79B8A3F19F1F}.Ideal|Win32.Build.0 = Release|x86
		{2DA9CE8A-C82F-4CF2-8329-79B8A3F19F1F}.Ideal|x64.ActiveCfg = Release|x86
		{2DA9CE8A-C82F-4CF2-8329-79B8A3F19F1F}.Ideal|x86.ActiveCfg = Release|x86
		{2DA9CE8A-C82F-4CF2-8329-79B8A3F19F1F}.Ideal|x86.Build.0 = Release|x86
		{2DA9CE8A-C82F-4CF2-8329-79B8A3F19F1F}.Release|Any CPU.ActiveCfg = Release|x86
		{2DA9CE8A-C82F-4CF2-8329-79B8A3F19F1F}.Release|Mixed Platforms.ActiveCfg = Release|x86
		{2DA9CE8A-C82F-4CF2-8329-79B8A3F19F1F}.Release|Mixed Platforms.Build.0 = Release|x86
		{2DA9CE8A-C82F-4CF2-8329-79B8A3F19F1F}.Release|Win32.ActiveCfg = Release|x86
		{2DA9CE8A-C82F-4CF2-8329-79B8A3F19F1F}.Release|Win32.Build.0 = Release|x86
		{2DA9CE8A-C82F-4CF2-8329-79B8A3F19F1F}.Release|x64.ActiveCfg = Release|x86
		{2DA9CE8A-C82F-4CF2-8329-79B8A3F19F1F}.Release|x86.ActiveCfg = Release|x86
		{2DA9CE8A-C82F-4CF2-8329-79B8A3F19F1F}.Release|x86.Build.0 = Release|x86
	EndGlobalSection
	GlobalSection(SolutionProperties) = preSolution
		HideSolutionNode = FALSE
	EndGlobalSection
EndGlobal
